// !$*UTF8*$!
{
	archiveVersion = 1;
	classes = {
	};
	objectVersion = 46;
	objects = {

/* Begin PBXBuildFile section */
		0ABA3F061D10AAC3007E6F89 /* RWPickFlavor.h in Headers */ = {isa = PBXBuildFile; fileRef = 0ABA3F051D10AAC3007E6F89 /* RWPickFlavor.h */; settings = {ATTRIBUTES = (Public, ); }; };
		0AFCFCDC1D10AC06001B961E /* RGBAColorFromString.swift in Sources */ = {isa = PBXBuildFile; fileRef = 0AFCFCDB1D10AC06001B961E /* RGBAColorFromString.swift */; };
		0AFCFCDF1D10AC16001B961E /* PickFlavorDataSource.swift in Sources */ = {isa = PBXBuildFile; fileRef = 0AFCFCDD1D10AC16001B961E /* PickFlavorDataSource.swift */; };
		0AFCFCE01D10AC16001B961E /* PickFlavorViewController.swift in Sources */ = {isa = PBXBuildFile; fileRef = 0AFCFCDE1D10AC16001B961E /* PickFlavorViewController.swift */; };
		0AFCFCE21D10AC1C001B961E /* FlavorFactory.swift in Sources */ = {isa = PBXBuildFile; fileRef = 0AFCFCE11D10AC1C001B961E /* FlavorFactory.swift */; };
		0AFCFCE41D10AC22001B961E /* Flavor.swift in Sources */ = {isa = PBXBuildFile; fileRef = 0AFCFCE31D10AC22001B961E /* Flavor.swift */; };
		0AFCFCE81D10AC2E001B961E /* IceCreamView.swift in Sources */ = {isa = PBXBuildFile; fileRef = 0AFCFCE51D10AC2E001B961E /* IceCreamView.swift */; };
		0AFCFCE91D10AC2E001B961E /* ScoopCell.swift in Sources */ = {isa = PBXBuildFile; fileRef = 0AFCFCE61D10AC2E001B961E /* ScoopCell.swift */; };
		0AFCFCEA1D10AC2E001B961E /* ScoopView.swift in Sources */ = {isa = PBXBuildFile; fileRef = 0AFCFCE71D10AC2E001B961E /* ScoopView.swift */; };
		0AFCFCEC1D10AC35001B961E /* Main.storyboard in Resources */ = {isa = PBXBuildFile; fileRef = 0AFCFCEB1D10AC35001B961E /* Main.storyboard */; };
		0AFCFCF11D10ACF5001B961E /* background.jpg in Resources */ = {isa = PBXBuildFile; fileRef = 0AFCFCF01D10ACF5001B961E /* background.jpg */; };
		176CF7EEBEE77DDD5845AF65 /* Pods_RWPickFlavor.framework in Frameworks */ = {isa = PBXBuildFile; fileRef = 3A4F91F2517C45735AD101DD /* Pods_RWPickFlavor.framework */; };
/* End PBXBuildFile section */

/* Begin PBXFileReference section */
		0ABA3F021D10AAC3007E6F89 /* RWPickFlavor.framework */ = {isa = PBXFileReference; explicitFileType = wrapper.framework; includeInIndex = 0; path = RWPickFlavor.framework; sourceTree = BUILT_PRODUCTS_DIR; };
		0ABA3F051D10AAC3007E6F89 /* RWPickFlavor.h */ = {isa = PBXFileReference; lastKnownFileType = sourcecode.c.h; path = RWPickFlavor.h; sourceTree = "<group>"; };
		0ABA3F071D10AAC3007E6F89 /* Info.plist */ = {isa = PBXFileReference; lastKnownFileType = text.plist.xml; path = Info.plist; sourceTree = "<group>"; };
		0AFCFCDB1D10AC06001B961E /* RGBAColorFromString.swift */ = {isa = PBXFileReference; fileEncoding = 4; lastKnownFileType = sourcecode.swift; path = RGBAColorFromString.swift; sourceTree = "<group>"; };
		0AFCFCDD1D10AC16001B961E /* PickFlavorDataSource.swift */ = {isa = PBXFileReference; fileEncoding = 4; lastKnownFileType = sourcecode.swift; path = PickFlavorDataSource.swift; sourceTree = "<group>"; };
		0AFCFCDE1D10AC16001B961E /* PickFlavorViewController.swift */ = {isa = PBXFileReference; fileEncoding = 4; lastKnownFileType = sourcecode.swift; path = PickFlavorViewController.swift; sourceTree = "<group>"; };
		0AFCFCE11D10AC1C001B961E /* FlavorFactory.swift */ = {isa = PBXFileReference; fileEncoding = 4; lastKnownFileType = sourcecode.swift; path = FlavorFactory.swift; sourceTree = "<group>"; };
		0AFCFCE31D10AC22001B961E /* Flavor.swift */ = {isa = PBXFileReference; fileEncoding = 4; lastKnownFileType = sourcecode.swift; path = Flavor.swift; sourceTree = "<group>"; };
		0AFCFCE51D10AC2E001B961E /* IceCreamView.swift */ = {isa = PBXFileReference; fileEncoding = 4; lastKnownFileType = sourcecode.swift; path = IceCreamView.swift; sourceTree = "<group>"; };
		0AFCFCE61D10AC2E001B961E /* ScoopCell.swift */ = {isa = PBXFileReference; fileEncoding = 4; lastKnownFileType = sourcecode.swift; path = ScoopCell.swift; sourceTree = "<group>"; };
		0AFCFCE71D10AC2E001B961E /* ScoopView.swift */ = {isa = PBXFileReference; fileEncoding = 4; lastKnownFileType = sourcecode.swift; path = ScoopView.swift; sourceTree = "<group>"; };
		0AFCFCEB1D10AC35001B961E /* Main.storyboard */ = {isa = PBXFileReference; fileEncoding = 4; lastKnownFileType = file.storyboard; path = Main.storyboard; sourceTree = "<group>"; };
		0AFCFCF01D10ACF5001B961E /* background.jpg */ = {isa = PBXFileReference; lastKnownFileType = image.jpeg; path = background.jpg; sourceTree = "<group>"; };
		3A4F91F2517C45735AD101DD /* Pods_RWPickFlavor.framework */ = {isa = PBXFileReference; explicitFileType = wrapper.framework; includeInIndex = 0; path = Pods_RWPickFlavor.framework; sourceTree = BUILT_PRODUCTS_DIR; };
		471D56F33759B507A53FD3C5 /* Pods-RWPickFlavor.release.xcconfig */ = {isa = PBXFileReference; includeInIndex = 1; lastKnownFileType = text.xcconfig; name = "Pods-RWPickFlavor.release.xcconfig"; path = "Pods/Target Support Files/Pods-RWPickFlavor/Pods-RWPickFlavor.release.xcconfig"; sourceTree = "<group>"; };
		9EA67DACF6FD56A40F7021ED /* Pods-RWPickFlavor.debug.xcconfig */ = {isa = PBXFileReference; includeInIndex = 1; lastKnownFileType = text.xcconfig; name = "Pods-RWPickFlavor.debug.xcconfig"; path = "Pods/Target Support Files/Pods-RWPickFlavor/Pods-RWPickFlavor.debug.xcconfig"; sourceTree = "<group>"; };
/* End PBXFileReference section */

/* Begin PBXFrameworksBuildPhase section */
		0ABA3EFE1D10AAC3007E6F89 /* Frameworks */ = {
			isa = PBXFrameworksBuildPhase;
			buildActionMask = 2147483647;
			files = (
				176CF7EEBEE77DDD5845AF65 /* Pods_RWPickFlavor.framework in Frameworks */,
			);
			runOnlyForDeploymentPostprocessing = 0;
		};
/* End PBXFrameworksBuildPhase section */

/* Begin PBXGroup section */
		0ABA3EF81D10AAC3007E6F89 = {
			isa = PBXGroup;
			children = (
				0ABA3F041D10AAC3007E6F89 /* RWPickFlavor */,
				0ABA3F031D10AAC3007E6F89 /* Products */,
				152BAD05BABF3073F4EF53AF /* Pods */,
				D1D3AB993447A028C819F66B /* Frameworks */,
			);
			sourceTree = "<group>";
		};
		0ABA3F031D10AAC3007E6F89 /* Products */ = {
			isa = PBXGroup;
			children = (
				0ABA3F021D10AAC3007E6F89 /* RWPickFlavor.framework */,
			);
			name = Products;
			sourceTree = "<group>";
		};
		0ABA3F041D10AAC3007E6F89 /* RWPickFlavor */ = {
			isa = PBXGroup;
			children = (
				0AFCFCED1D10AC97001B961E /* Resources */,
				0AFCFCD81D10ABCF001B961E /* Views */,
				0AFCFCD71D10ABCD001B961E /* Models */,
				0AFCFCD61D10ABC8001B961E /* Factories */,
				0AFCFCD51D10ABC4001B961E /* Controller */,
				0AFCFCD41D10ABBD001B961E /* Categories */,
				0ABA3F051D10AAC3007E6F89 /* RWPickFlavor.h */,
				0ABA3F071D10AAC3007E6F89 /* Info.plist */,
			);
			path = RWPickFlavor;
			sourceTree = "<group>";
		};
		0AFCFCD41D10ABBD001B961E /* Categories */ = {
			isa = PBXGroup;
			children = (
				0AFCFCDB1D10AC06001B961E /* RGBAColorFromString.swift */,
			);
			name = Categories;
			sourceTree = "<group>";
		};
		0AFCFCD51D10ABC4001B961E /* Controller */ = {
			isa = PBXGroup;
			children = (
				0AFCFCDD1D10AC16001B961E /* PickFlavorDataSource.swift */,
				0AFCFCDE1D10AC16001B961E /* PickFlavorViewController.swift */,
			);
			name = Controller;
			sourceTree = "<group>";
		};
		0AFCFCD61D10ABC8001B961E /* Factories */ = {
			isa = PBXGroup;
			children = (
				0AFCFCE11D10AC1C001B961E /* FlavorFactory.swift */,
			);
			name = Factories;
			sourceTree = "<group>";
		};
		0AFCFCD71D10ABCD001B961E /* Models */ = {
			isa = PBXGroup;
			children = (
				0AFCFCE31D10AC22001B961E /* Flavor.swift */,
			);
			name = Models;
			sourceTree = "<group>";
		};
		0AFCFCD81D10ABCF001B961E /* Views */ = {
			isa = PBXGroup;
			children = (
				0AFCFCDA1D10ABD9001B961E /* Storyboards & Nibs */,
				0AFCFCD91D10ABD5001B961E /* Ice Cream */,
			);
			name = Views;
			sourceTree = "<group>";
		};
		0AFCFCD91D10ABD5001B961E /* Ice Cream */ = {
			isa = PBXGroup;
			children = (
				0AFCFCE51D10AC2E001B961E /* IceCreamView.swift */,
				0AFCFCE61D10AC2E001B961E /* ScoopCell.swift */,
				0AFCFCE71D10AC2E001B961E /* ScoopView.swift */,
			);
			name = "Ice Cream";
			sourceTree = "<group>";
		};
		0AFCFCDA1D10ABD9001B961E /* Storyboards & Nibs */ = {
			isa = PBXGroup;
			children = (
				0AFCFCEB1D10AC35001B961E /* Main.storyboard */,
			);
			name = "Storyboards & Nibs";
			sourceTree = "<group>";
		};
		0AFCFCED1D10AC97001B961E /* Resources */ = {
			isa = PBXGroup;
			children = (
				0AFCFCF01D10ACF5001B961E /* background.jpg */,
			);
			name = Resources;
			sourceTree = "<group>";
		};
		152BAD05BABF3073F4EF53AF /* Pods */ = {
			isa = PBXGroup;
			children = (
				9EA67DACF6FD56A40F7021ED /* Pods-RWPickFlavor.debug.xcconfig */,
				471D56F33759B507A53FD3C5 /* Pods-RWPickFlavor.release.xcconfig */,
			);
			name = Pods;
			sourceTree = "<group>";
		};
		D1D3AB993447A028C819F66B /* Frameworks */ = {
			isa = PBXGroup;
			children = (
				3A4F91F2517C45735AD101DD /* Pods_RWPickFlavor.framework */,
			);
			name = Frameworks;
			sourceTree = "<group>";
		};
/* End PBXGroup section */

/* Begin PBXHeadersBuildPhase section */
		0ABA3EFF1D10AAC3007E6F89 /* Headers */ = {
			isa = PBXHeadersBuildPhase;
			buildActionMask = 2147483647;
			files = (
				0ABA3F061D10AAC3007E6F89 /* RWPickFlavor.h in Headers */,
			);
			runOnlyForDeploymentPostprocessing = 0;
		};
/* End PBXHeadersBuildPhase section */

/* Begin PBXNativeTarget section */
		0ABA3F011D10AAC3007E6F89 /* RWPickFlavor */ = {
			isa = PBXNativeTarget;
			buildConfigurationList = 0ABA3F0A1D10AAC3007E6F89 /* Build configuration list for PBXNativeTarget "RWPickFlavor" */;
			buildPhases = (
				8B884C92B658822F353D5587 /* [CP] Check Pods Manifest.lock */,
				0ABA3EFD1D10AAC3007E6F89 /* Sources */,
				0ABA3EFE1D10AAC3007E6F89 /* Frameworks */,
				0ABA3EFF1D10AAC3007E6F89 /* Headers */,
				0ABA3F001D10AAC3007E6F89 /* Resources */,
				DA07F7FE64552F6B407463A6 /* [CP] Copy Pods Resources */,
			);
			buildRules = (
			);
			dependencies = (
			);
			name = RWPickFlavor;
			productName = RWPickFlavor;
			productReference = 0ABA3F021D10AAC3007E6F89 /* RWPickFlavor.framework */;
			productType = "com.apple.product-type.framework";
		};
/* End PBXNativeTarget section */

/* Begin PBXProject section */
		0ABA3EF91D10AAC3007E6F89 /* Project object */ = {
			isa = PBXProject;
			attributes = {
				LastUpgradeCheck = 0730;
				ORGANIZATIONNAME = "Moses Aronov";
				TargetAttributes = {
					0ABA3F011D10AAC3007E6F89 = {
						CreatedOnToolsVersion = 7.3.1;
					};
				};
			};
			buildConfigurationList = 0ABA3EFC1D10AAC3007E6F89 /* Build configuration list for PBXProject "RWPickFlavor" */;
			compatibilityVersion = "Xcode 3.2";
			developmentRegion = English;
			hasScannedForEncodings = 0;
			knownRegions = (
				en,
			);
			mainGroup = 0ABA3EF81D10AAC3007E6F89;
			productRefGroup = 0ABA3F031D10AAC3007E6F89 /* Products */;
			projectDirPath = "";
			projectRoot = "";
			targets = (
				0ABA3F011D10AAC3007E6F89 /* RWPickFlavor */,
			);
		};
/* End PBXProject section */

/* Begin PBXResourcesBuildPhase section */
		0ABA3F001D10AAC3007E6F89 /* Resources */ = {
			isa = PBXResourcesBuildPhase;
			buildActionMask = 2147483647;
			files = (
				0AFCFCEC1D10AC35001B961E /* Main.storyboard in Resources */,
				0AFCFCF11D10ACF5001B961E /* background.jpg in Resources */,
			);
			runOnlyForDeploymentPostprocessing = 0;
		};
/* End PBXResourcesBuildPhase section */

/* Begin PBXShellScriptBuildPhase section */
		8B884C92B658822F353D5587 /* [CP] Check Pods Manifest.lock */ = {
			isa = PBXShellScriptBuildPhase;
			buildActionMask = 2147483647;
			files = (
			);
			inputPaths = (
			);
			name = "[CP] Check Pods Manifest.lock";
			outputPaths = (
			);
			runOnlyForDeploymentPostprocessing = 0;
			shellPath = /bin/sh;
			shellScript = "diff \"${PODS_ROOT}/../Podfile.lock\" \"${PODS_ROOT}/Manifest.lock\" > /dev/null\nif [[ $? != 0 ]] ; then\n    cat << EOM\nerror: The sandbox is not in sync with the Podfile.lock. Run 'pod install' or update your CocoaPods installation.\nEOM\n    exit 1\nfi\n";
			showEnvVarsInLog = 0;
		};
		DA07F7FE64552F6B407463A6 /* [CP] Copy Pods Resources */ = {
			isa = PBXShellScriptBuildPhase;
			buildActionMask = 2147483647;
			files = (
			);
			inputPaths = (
			);
			name = "[CP] Copy Pods Resources";
			outputPaths = (
			);
			runOnlyForDeploymentPostprocessing = 0;
			shellPath = /bin/sh;
			shellScript = "\"${SRCROOT}/Pods/Target Support Files/Pods-RWPickFlavor/Pods-RWPickFlavor-resources.sh\"\n";
			showEnvVarsInLog = 0;
		};
/* End PBXShellScriptBuildPhase section */

/* Begin PBXSourcesBuildPhase section */
		0ABA3EFD1D10AAC3007E6F89 /* Sources */ = {
			isa = PBXSourcesBuildPhase;
			buildActionMask = 2147483647;
			files = (
				0AFCFCE21D10AC1C001B961E /* FlavorFactory.swift in Sources */,
				0AFCFCEA1D10AC2E001B961E /* ScoopView.swift in Sources */,
				0AFCFCDC1D10AC06001B961E /* RGBAColorFromString.swift in Sources */,
				0AFCFCE91D10AC2E001B961E /* ScoopCell.swift in Sources */,
				0AFCFCE41D10AC22001B961E /* Flavor.swift in Sources */,
				0AFCFCDF1D10AC16001B961E /* PickFlavorDataSource.swift in Sources */,
				0AFCFCE01D10AC16001B961E /* PickFlavorViewController.swift in Sources */,
				0AFCFCE81D10AC2E001B961E /* IceCreamView.swift in Sources */,
			);
			runOnlyForDeploymentPostprocessing = 0;
		};
/* End PBXSourcesBuildPhase section */

/* Begin XCBuildConfiguration section */
		0ABA3F081D10AAC3007E6F89 /* Debug */ = {
			isa = XCBuildConfiguration;
			buildSettings = {
				ALWAYS_SEARCH_USER_PATHS = NO;
				CLANG_ANALYZER_NONNULL = YES;
				CLANG_CXX_LANGUAGE_STANDARD = "gnu++0x";
				CLANG_CXX_LIBRARY = "libc++";
				CLANG_ENABLE_MODULES = YES;
				CLANG_ENABLE_OBJC_ARC = YES;
				CLANG_WARN_BOOL_CONVERSION = YES;
				CLANG_WARN_CONSTANT_CONVERSION = YES;
				CLANG_WARN_DIRECT_OBJC_ISA_USAGE = YES_ERROR;
				CLANG_WARN_EMPTY_BODY = YES;
				CLANG_WARN_ENUM_CONVERSION = YES;
				CLANG_WARN_INT_CONVERSION = YES;
				CLANG_WARN_OBJC_ROOT_CLASS = YES_ERROR;
				CLANG_WARN_UNREACHABLE_CODE = YES;
				CLANG_WARN__DUPLICATE_METHOD_MATCH = YES;
				"CODE_SIGN_IDENTITY[sdk=iphoneos*]" = "iPhone Developer";
				COPY_PHASE_STRIP = NO;
				CURRENT_PROJECT_VERSION = 1;
				DEBUG_INFORMATION_FORMAT = dwarf;
				ENABLE_STRICT_OBJC_MSGSEND = YES;
				ENABLE_TESTABILITY = YES;
				GCC_C_LANGUAGE_STANDARD = gnu99;
				GCC_DYNAMIC_NO_PIC = NO;
				GCC_NO_COMMON_BLOCKS = YES;
				GCC_OPTIMIZATION_LEVEL = 0;
				GCC_PREPROCESSOR_DEFINITIONS = (
					"DEBUG=1",
					"$(inherited)",
				);
				GCC_WARN_64_TO_32_BIT_CONVERSION = YES;
				GCC_WARN_ABOUT_RETURN_TYPE = YES_ERROR;
				GCC_WARN_UNDECLARED_SELECTOR = YES;
				GCC_WARN_UNINITIALIZED_AUTOS = YES_AGGRESSIVE;
				GCC_WARN_UNUSED_FUNCTION = YES;
				GCC_WARN_UNUSED_VARIABLE = YES;
				IPHONEOS_DEPLOYMENT_TARGET = 9.3;
				MTL_ENABLE_DEBUG_INFO = YES;
				ONLY_ACTIVE_ARCH = YES;
				SDKROOT = iphoneos;
				SWIFT_OPTIMIZATION_LEVEL = "-Onone";
				TARGETED_DEVICE_FAMILY = "1,2";
				VERSIONING_SYSTEM = "apple-generic";
				VERSION_INFO_PREFIX = "";
			};
			name = Debug;
		};
		0ABA3F091D10AAC3007E6F89 /* Release */ = {
			isa = XCBuildConfiguration;
			buildSettings = {
				ALWAYS_SEARCH_USER_PATHS = NO;
				CLANG_ANALYZER_NONNULL = YES;
				CLANG_CXX_LANGUAGE_STANDARD = "gnu++0x";
				CLANG_CXX_LIBRARY = "libc++";
				CLANG_ENABLE_MODULES = YES;
				CLANG_ENABLE_OBJC_ARC = YES;
				CLANG_WARN_BOOL_CONVERSION = YES;
				CLANG_WARN_CONSTANT_CONVERSION = YES;
				CLANG_WARN_DIRECT_OBJC_ISA_USAGE = YES_ERROR;
				CLANG_WARN_EMPTY_BODY = YES;
				CLANG_WARN_ENUM_CONVERSION = YES;
				CLANG_WARN_INT_CONVERSION = YES;
				CLANG_WARN_OBJC_ROOT_CLASS = YES_ERROR;
				CLANG_WARN_UNREACHABLE_CODE = YES;
				CLANG_WARN__DUPLICATE_METHOD_MATCH = YES;
				"CODE_SIGN_IDENTITY[sdk=iphoneos*]" = "iPhone Developer";
				COPY_PHASE_STRIP = NO;
				CURRENT_PROJECT_VERSION = 1;
				DEBUG_INFORMATION_FORMAT = "dwarf-with-dsym";
				ENABLE_NS_ASSERTIONS = NO;
				ENABLE_STRICT_OBJC_MSGSEND = YES;
				GCC_C_LANGUAGE_STANDARD = gnu99;
				GCC_NO_COMMON_BLOCKS = YES;
				GCC_WARN_64_TO_32_BIT_CONVERSION = YES;
				GCC_WARN_ABOUT_RETURN_TYPE = YES_ERROR;
				GCC_WARN_UNDECLARED_SELECTOR = YES;
				GCC_WARN_UNINITIALIZED_AUTOS = YES_AGGRESSIVE;
				GCC_WARN_UNUSED_FUNCTION = YES;
				GCC_WARN_UNUSED_VARIABLE = YES;
				IPHONEOS_DEPLOYMENT_TARGET = 9.3;
				MTL_ENABLE_DEBUG_INFO = NO;
				SDKROOT = iphoneos;
				TARGETED_DEVICE_FAMILY = "1,2";
				VALIDATE_PRODUCT = YES;
				VERSIONING_SYSTEM = "apple-generic";
				VERSION_INFO_PREFIX = "";
			};
			name = Release;
		};
		0ABA3F0B1D10AAC3007E6F89 /* Debug */ = {
			isa = XCBuildConfiguration;
			baseConfigurationReference = 9EA67DACF6FD56A40F7021ED /* Pods-RWPickFlavor.debug.xcconfig */;
			buildSettings = {
				DEFINES_MODULE = YES;
				DYLIB_COMPATIBILITY_VERSION = 1;
				DYLIB_CURRENT_VERSION = 1;
				DYLIB_INSTALL_NAME_BASE = "@rpath";
				INFOPLIST_FILE = RWPickFlavor/Info.plist;
				INSTALL_PATH = "$(LOCAL_LIBRARY_DIR)/Frameworks";
				LD_RUNPATH_SEARCH_PATHS = "$(inherited) @executable_path/Frameworks @loader_path/Frameworks";
				PRODUCT_BUNDLE_IDENTIFIER = MadScientists.RWPickFlavor;
				PRODUCT_NAME = "$(TARGET_NAME)";
				SKIP_INSTALL = YES;
			};
			name = Debug;
		};
		0ABA3F0C1D10AAC3007E6F89 /* Release */ = {
			isa = XCBuildConfiguration;
			baseConfigurationReference = 471D56F33759B507A53FD3C5 /* Pods-RWPickFlavor.release.xcconfig */;
			buildSettings = {
				DEFINES_MODULE = YES;
				DYLIB_COMPATIBILITY_VERSION = 1;
				DYLIB_CURRENT_VERSION = 1;
				DYLIB_INSTALL_NAME_BASE = "@rpath";
				INFOPLIST_FILE = RWPickFlavor/Info.plist;
				INSTALL_PATH = "$(LOCAL_LIBRARY_DIR)/Frameworks";
				LD_RUNPATH_SEARCH_PATHS = "$(inherited) @executable_path/Frameworks @loader_path/Frameworks";
				PRODUCT_BUNDLE_IDENTIFIER = MadScientists.RWPickFlavor;
				PRODUCT_NAME = "$(TARGET_NAME)";
				SKIP_INSTALL = YES;
			};
			name = Release;
		};
/* End XCBuildConfiguration section */

/* Begin XCConfigurationList section */
		0ABA3EFC1D10AAC3007E6F89 /* Build configuration list for PBXProject "RWPickFlavor" */ = {
			isa = XCConfigurationList;
			buildConfigurations = (
				0ABA3F081D10AAC3007E6F89 /* Debug */,
				0ABA3F091D10AAC3007E6F89 /* Release */,
			);
			defaultConfigurationIsVisible = 0;
			defaultConfigurationName = Release;
		};
		0ABA3F0A1D10AAC3007E6F89 /* Build configuration list for PBXNativeTarget "RWPickFlavor" */ = {
			isa = XCConfigurationList;
			buildConfigurations = (
				0ABA3F0B1D10AAC3007E6F89 /* Debug */,
				0ABA3F0C1D10AAC3007E6F89 /* Release */,
			);
			defaultConfigurationIsVisible = 0;
			defaultConfigurationName = Release;
		};
/* End XCConfigurationList section */
	};
	rootObject = 0ABA3EF91D10AAC3007E6F89 /* Project object */;
}
